{
  "version": 4,
  "terraform_version": "1.0.5",
  "serial": 106,
  "lineage": "f2e04561-abe3-d2d3-039b-72450a924b20",
  "outputs": {
    "alb_hostname": {
      "value": "production-alb-1414613360.us-west-2.elb.amazonaws.com",
      "type": "string"
    }
  },
  "resources": [
    {
      "mode": "data",
      "type": "template_file",
      "name": "app",
      "provider": "provider[\"registry.terraform.io/hashicorp/template\"]",
      "instances": [
        {
          "schema_version": 0,
          "attributes": {
            "filename": null,
            "id": "72a63ba7c64c2f29c56e3157f2562a9e5b996aed9990de7df100fba587f2450d",
            "rendered": "[\n  {\n    \"name\": \"django-app\",\n    \"image\": \"744313738431.dkr.ecr.us-west-2.amazonaws.com/djangoapp:0923\",\n    \"essential\": true,\n    \"cpu\": 10,\n    \"memory\": 256,\n    \"links\": [],\n    \"portMappings\": [\n      {\n        \"containerPort\": 8000,\n        \"hostPort\": 0,\n        \"protocol\": \"tcp\"\n      }\n    ],\n    \"command\": [\"gunicorn\", \"-w\", \"3\", \"-b\", \":8000\", \"licitamex.wsgi:application\"],\n    \"environment\": [\n        {\n          \"name\": \"RDS_DB_NAME\",\n          \"value\": \"mydb\"\n        },\n        {\n          \"name\": \"RDS_USERNAME\",\n          \"value\": \"principal\"\n        },\n        {\n          \"name\": \"RDS_PASSWORD\",\n          \"value\": \"kB!WuXFkvwaWJ2t3\"\n        },\n        {\n          \"name\": \"RDS_HOSTNAME\",\n          \"value\": \"production.csjzmk1ayq4u.us-west-2.rds.amazonaws.com\"\n        },\n        {\n          \"name\": \"RDS_PORT\",\n          \"value\": \"5432\"\n        }\n      ],\n    \"logConfiguration\": {\n      \"logDriver\": \"awslogs\",\n      \"options\": {\n        \"awslogs-group\": \"/ecs/django-app\",\n        \"awslogs-region\": \"us-west-2\",\n        \"awslogs-stream-prefix\": \"django-app-log-stream\"\n      }\n    }\n  },\n  {\n    \"name\": \"nginx\",\n    \"image\": \"744313738431.dkr.ecr.us-west-2.amazonaws.com/nginx:0923\",\n    \"essential\": true,\n    \"cpu\": 10,\n    \"memory\": 128,\n    \"links\": [\"django-app\"],\n    \"portMappings\": [\n      {\n        \"containerPort\": 80,\n        \"hostPort\": 0,\n        \"protocol\": \"tcp\"\n      }\n    ],\n    \"logConfiguration\": {\n      \"logDriver\": \"awslogs\",\n      \"options\": {\n        \"awslogs-group\": \"/ecs/nginx\",\n        \"awslogs-region\": \"us-west-2\",\n        \"awslogs-stream-prefix\": \"nginx-log-stream\"\n      }\n    }\n  }\n]\n",
            "template": "[\n  {\n    \"name\": \"django-app\",\n    \"image\": \"${docker_image_url_django}\",\n    \"essential\": true,\n    \"cpu\": 10,\n    \"memory\": 256,\n    \"links\": [],\n    \"portMappings\": [\n      {\n        \"containerPort\": 8000,\n        \"hostPort\": 0,\n        \"protocol\": \"tcp\"\n      }\n    ],\n    \"command\": [\"gunicorn\", \"-w\", \"3\", \"-b\", \":8000\", \"licitamex.wsgi:application\"],\n    \"environment\": [\n        {\n          \"name\": \"RDS_DB_NAME\",\n          \"value\": \"${rds_db_name}\"\n        },\n        {\n          \"name\": \"RDS_USERNAME\",\n          \"value\": \"${rds_username}\"\n        },\n        {\n          \"name\": \"RDS_PASSWORD\",\n          \"value\": \"${rds_password}\"\n        },\n        {\n          \"name\": \"RDS_HOSTNAME\",\n          \"value\": \"${rds_hostname}\"\n        },\n        {\n          \"name\": \"RDS_PORT\",\n          \"value\": \"5432\"\n        }\n      ],\n    \"logConfiguration\": {\n      \"logDriver\": \"awslogs\",\n      \"options\": {\n        \"awslogs-group\": \"/ecs/django-app\",\n        \"awslogs-region\": \"${region}\",\n        \"awslogs-stream-prefix\": \"django-app-log-stream\"\n      }\n    }\n  },\n  {\n    \"name\": \"nginx\",\n    \"image\": \"${docker_image_url_nginx}\",\n    \"essential\": true,\n    \"cpu\": 10,\n    \"memory\": 128,\n    \"links\": [\"django-app\"],\n    \"portMappings\": [\n      {\n        \"containerPort\": 80,\n        \"hostPort\": 0,\n        \"protocol\": \"tcp\"\n      }\n    ],\n    \"logConfiguration\": {\n      \"logDriver\": \"awslogs\",\n      \"options\": {\n        \"awslogs-group\": \"/ecs/nginx\",\n        \"awslogs-region\": \"${region}\",\n        \"awslogs-stream-prefix\": \"nginx-log-stream\"\n      }\n    }\n  }\n]\n",
            "vars": {
              "docker_image_url_django": "744313738431.dkr.ecr.us-west-2.amazonaws.com/djangoapp:0923",
              "docker_image_url_nginx": "744313738431.dkr.ecr.us-west-2.amazonaws.com/nginx:0923",
              "rds_db_name": "mydb",
              "rds_hostname": "production.csjzmk1ayq4u.us-west-2.rds.amazonaws.com",
              "rds_password": "kB!WuXFkvwaWJ2t3",
              "rds_username": "principal",
              "region": "us-west-2"
            }
          },
          "sensitive_attributes": []
        }
      ]
    },
    {
      "mode": "managed",
      "type": "aws_alb_listener",
      "name": "ecs-alb-http-listener",
      "provider": "provider[\"registry.terraform.io/hashicorp/aws\"]",
      "instances": [
        {
          "schema_version": 0,
          "attributes": {
            "alpn_policy": null,
            "arn": "arn:aws:elasticloadbalancing:us-west-2:744313738431:listener/app/production-alb/2a1a6da2d378ec1e/02219b4c5c43a2d7",
            "certificate_arn": "arn:aws:acm:us-west-2:744313738431:certificate/ac23c1e6-c109-4b91-af29-27d345f4a69b",
            "default_action": [
              {
                "authenticate_cognito": [],
                "authenticate_oidc": [],
                "fixed_response": [],
                "forward": [],
                "order": 1,
                "redirect": [],
                "target_group_arn": "arn:aws:elasticloadbalancing:us-west-2:744313738431:targetgroup/production-client-tg/86423f5e3b92cfa7",
                "type": "forward"
              }
            ],
            "id": "arn:aws:elasticloadbalancing:us-west-2:744313738431:listener/app/production-alb/2a1a6da2d378ec1e/02219b4c5c43a2d7",
            "load_balancer_arn": "arn:aws:elasticloadbalancing:us-west-2:744313738431:loadbalancer/app/production-alb/2a1a6da2d378ec1e",
            "port": 443,
            "protocol": "HTTPS",
            "ssl_policy": "ELBSecurityPolicy-2016-08",
            "tags": {},
            "tags_all": {},
            "timeouts": null
          },
          "sensitive_attributes": [],
          "private": "eyJlMmJmYjczMC1lY2FhLTExZTYtOGY4OC0zNDM2M2JjN2M0YzAiOnsicmVhZCI6NjAwMDAwMDAwMDAwfX0=",
          "dependencies": [
            "aws_vpc.production-vpc",
            "aws_alb_target_group.default-target-group",
            "aws_lb.production",
            "aws_security_group.load-balancer",
            "aws_subnet.public-subnet-1",
            "aws_subnet.public-subnet-2"
          ]
        }
      ]
    },
    {
      "mode": "managed",
      "type": "aws_alb_target_group",
      "name": "default-target-group",
      "provider": "provider[\"registry.terraform.io/hashicorp/aws\"]",
      "instances": [
        {
          "schema_version": 0,
          "attributes": {
            "arn": "arn:aws:elasticloadbalancing:us-west-2:744313738431:targetgroup/production-client-tg/86423f5e3b92cfa7",
            "arn_suffix": "targetgroup/production-client-tg/86423f5e3b92cfa7",
            "deregistration_delay": 300,
            "health_check": [
              {
                "enabled": true,
                "healthy_threshold": 5,
                "interval": 5,
                "matcher": "200",
                "path": "/ping/",
                "port": "traffic-port",
                "protocol": "HTTP",
                "timeout": 2,
                "unhealthy_threshold": 2
              }
            ],
            "id": "arn:aws:elasticloadbalancing:us-west-2:744313738431:targetgroup/production-client-tg/86423f5e3b92cfa7",
            "lambda_multi_value_headers_enabled": false,
            "load_balancing_algorithm_type": "round_robin",
            "name": "production-client-tg",
            "name_prefix": null,
            "port": 80,
            "preserve_client_ip": null,
            "protocol": "HTTP",
            "protocol_version": "HTTP1",
            "proxy_protocol_v2": false,
            "slow_start": 0,
            "stickiness": [
              {
                "cookie_duration": 86400,
                "cookie_name": "",
                "enabled": false,
                "type": "lb_cookie"
              }
            ],
            "tags": {},
            "tags_all": {},
            "target_type": "instance",
            "vpc_id": "vpc-0395e091212200b18"
          },
          "sensitive_attributes": [],
          "private": "bnVsbA==",
          "dependencies": [
            "aws_vpc.production-vpc"
          ]
        }
      ]
    },
    {
      "mode": "managed",
      "type": "aws_autoscaling_group",
      "name": "ecs-cluster",
      "provider": "provider[\"registry.terraform.io/hashicorp/aws\"]",
      "instances": [
        {
          "schema_version": 0,
          "attributes": {
            "arn": "arn:aws:autoscaling:us-west-2:744313738431:autoScalingGroup:b5aeb1c9-a2f8-401f-873b-86d8c6d1a7cc:autoScalingGroupName/production_auto_scaling_group",
            "availability_zones": [
              "us-west-2a",
              "us-west-2b"
            ],
            "capacity_rebalance": false,
            "default_cooldown": 300,
            "desired_capacity": 2,
            "enabled_metrics": [],
            "force_delete": false,
            "force_delete_warm_pool": false,
            "health_check_grace_period": 300,
            "health_check_type": "EC2",
            "id": "production_auto_scaling_group",
            "initial_lifecycle_hook": [],
            "instance_refresh": [],
            "launch_configuration": "production-cluster",
            "launch_template": [],
            "load_balancers": [],
            "max_instance_lifetime": 0,
            "max_size": 3,
            "metrics_granularity": "1Minute",
            "min_elb_capacity": null,
            "min_size": 2,
            "mixed_instances_policy": [],
            "name": "production_auto_scaling_group",
            "name_prefix": "",
            "placement_group": "",
            "protect_from_scale_in": false,
            "service_linked_role_arn": "arn:aws:iam::744313738431:role/aws-service-role/autoscaling.amazonaws.com/AWSServiceRoleForAutoScaling",
            "suspended_processes": [],
            "tag": [],
            "tags": null,
            "target_group_arns": [],
            "termination_policies": [],
            "timeouts": null,
            "vpc_zone_identifier": [
              "subnet-0cd8358c48caa7bcc",
              "subnet-0d61ab36ce6f90640"
            ],
            "wait_for_capacity_timeout": "10m",
            "wait_for_elb_capacity": null,
            "warm_pool": []
          },
          "sensitive_attributes": [],
          "private": "eyJlMmJmYjczMC1lY2FhLTExZTYtOGY4OC0zNDM2M2JjN2M0YzAiOnsiZGVsZXRlIjo2MDAwMDAwMDAwMDB9fQ==",
          "dependencies": [
            "aws_vpc.production-vpc",
            "aws_launch_configuration.ecs",
            "aws_security_group.ecs",
            "aws_security_group.load-balancer",
            "aws_subnet.public-subnet-1",
            "aws_iam_instance_profile.ecs",
            "aws_iam_role.ecs-host-role",
            "aws_key_pair.production",
            "aws_subnet.public-subnet-2"
          ]
        }
      ]
    },
    {
      "mode": "managed",
      "type": "aws_cloudwatch_log_group",
      "name": "django-log-group",
      "provider": "provider[\"registry.terraform.io/hashicorp/aws\"]",
      "instances": [
        {
          "schema_version": 0,
          "attributes": {
            "arn": "arn:aws:logs:us-west-2:744313738431:log-group:/ecs/django-app",
            "id": "/ecs/django-app",
            "kms_key_id": "",
            "name": "/ecs/django-app",
            "name_prefix": null,
            "retention_in_days": 30,
            "tags": {},
            "tags_all": {}
          },
          "sensitive_attributes": [],
          "private": "bnVsbA=="
        }
      ]
    },
    {
      "mode": "managed",
      "type": "aws_cloudwatch_log_group",
      "name": "nginx-log-group",
      "provider": "provider[\"registry.terraform.io/hashicorp/aws\"]",
      "instances": [
        {
          "schema_version": 0,
          "attributes": {
            "arn": "arn:aws:logs:us-west-2:744313738431:log-group:/ecs/nginx",
            "id": "/ecs/nginx",
            "kms_key_id": "",
            "name": "/ecs/nginx",
            "name_prefix": null,
            "retention_in_days": 30,
            "tags": {},
            "tags_all": {}
          },
          "sensitive_attributes": [],
          "private": "bnVsbA=="
        }
      ]
    },
    {
      "mode": "managed",
      "type": "aws_cloudwatch_log_stream",
      "name": "django-log-stream",
      "provider": "provider[\"registry.terraform.io/hashicorp/aws\"]",
      "instances": [
        {
          "schema_version": 0,
          "attributes": {
            "arn": "arn:aws:logs:us-west-2:744313738431:log-group:/ecs/django-app:log-stream:django-app-log-stream",
            "id": "django-app-log-stream",
            "log_group_name": "/ecs/django-app",
            "name": "django-app-log-stream"
          },
          "sensitive_attributes": [],
          "private": "bnVsbA==",
          "dependencies": [
            "aws_cloudwatch_log_group.django-log-group"
          ]
        }
      ]
    },
    {
      "mode": "managed",
      "type": "aws_cloudwatch_log_stream",
      "name": "nginx-log-stream",
      "provider": "provider[\"registry.terraform.io/hashicorp/aws\"]",
      "instances": [
        {
          "schema_version": 0,
          "attributes": {
            "arn": "arn:aws:logs:us-west-2:744313738431:log-group:/ecs/nginx:log-stream:nginx-log-stream",
            "id": "nginx-log-stream",
            "log_group_name": "/ecs/nginx",
            "name": "nginx-log-stream"
          },
          "sensitive_attributes": [],
          "private": "bnVsbA==",
          "dependencies": [
            "aws_cloudwatch_log_group.nginx-log-group"
          ]
        }
      ]
    },
    {
      "mode": "managed",
      "type": "aws_db_instance",
      "name": "production",
      "provider": "provider[\"registry.terraform.io/hashicorp/aws\"]",
      "instances": [
        {
          "schema_version": 1,
          "attributes": {
            "address": "production.csjzmk1ayq4u.us-west-2.rds.amazonaws.com",
            "allocated_storage": 20,
            "allow_major_version_upgrade": null,
            "apply_immediately": null,
            "arn": "arn:aws:rds:us-west-2:744313738431:db:production",
            "auto_minor_version_upgrade": true,
            "availability_zone": "us-west-2b",
            "backup_retention_period": 7,
            "backup_window": "07:25-07:55",
            "ca_cert_identifier": "rds-ca-2019",
            "character_set_name": "",
            "copy_tags_to_snapshot": false,
            "customer_owned_ip_enabled": false,
            "db_subnet_group_name": "main",
            "delete_automated_backups": true,
            "deletion_protection": false,
            "domain": "",
            "domain_iam_role_name": "",
            "enabled_cloudwatch_logs_exports": [],
            "endpoint": "production.csjzmk1ayq4u.us-west-2.rds.amazonaws.com:5432",
            "engine": "postgres",
            "engine_version": "12.7",
            "engine_version_actual": "12.7",
            "final_snapshot_identifier": null,
            "hosted_zone_id": "Z1PVIF0B656C1W",
            "iam_database_authentication_enabled": false,
            "id": "production",
            "identifier": "production",
            "identifier_prefix": null,
            "instance_class": "db.t2.micro",
            "iops": 0,
            "kms_key_id": "",
            "latest_restorable_time": "2021-09-23T20:31:45Z",
            "license_model": "postgresql-license",
            "maintenance_window": "sat:08:05-sat:08:35",
            "max_allocated_storage": 0,
            "monitoring_interval": 0,
            "monitoring_role_arn": "",
            "multi_az": false,
            "name": "mydb",
            "nchar_character_set_name": "",
            "option_group_name": "default:postgres-12",
            "parameter_group_name": "default.postgres12",
            "password": "kB!WuXFkvwaWJ2t3",
            "performance_insights_enabled": false,
            "performance_insights_kms_key_id": "",
            "performance_insights_retention_period": 0,
            "port": 5432,
            "publicly_accessible": false,
            "replicas": [],
            "replicate_source_db": "",
            "resource_id": "db-H62AZISQZD76ESXYSB5GQMBCKA",
            "restore_to_point_in_time": [],
            "s3_import": [],
            "security_group_names": [],
            "skip_final_snapshot": true,
            "snapshot_identifier": null,
            "status": "available",
            "storage_encrypted": false,
            "storage_type": "gp2",
            "tags": {},
            "tags_all": {},
            "timeouts": null,
            "timezone": "",
            "username": "principal",
            "vpc_security_group_ids": [
              "sg-0c0a2747704fc9c80"
            ]
          },
          "sensitive_attributes": [],
          "private": "eyJlMmJmYjczMC1lY2FhLTExZTYtOGY4OC0zNDM2M2JjN2M0YzAiOnsiY3JlYXRlIjoyNDAwMDAwMDAwMDAwLCJkZWxldGUiOjM2MDAwMDAwMDAwMDAsInVwZGF0ZSI6NDgwMDAwMDAwMDAwMH0sInNjaGVtYV92ZXJzaW9uIjoiMSJ9",
          "dependencies": [
            "aws_db_subnet_group.production",
            "aws_security_group.ecs",
            "aws_security_group.load-balancer",
            "aws_security_group.rds",
            "aws_subnet.private-subnet-1",
            "aws_subnet.private-subnet-2",
            "aws_vpc.production-vpc"
          ]
        }
      ]
    },
    {
      "mode": "managed",
      "type": "aws_db_subnet_group",
      "name": "production",
      "provider": "provider[\"registry.terraform.io/hashicorp/aws\"]",
      "instances": [
        {
          "schema_version": 0,
          "attributes": {
            "arn": "arn:aws:rds:us-west-2:744313738431:subgrp:main",
            "description": "Managed by Terraform",
            "id": "main",
            "name": "main",
            "name_prefix": null,
            "subnet_ids": [
              "subnet-0006a1f5e949b842f",
              "subnet-0911eb01952d97075"
            ],
            "tags": {},
            "tags_all": {}
          },
          "sensitive_attributes": [],
          "private": "bnVsbA==",
          "dependencies": [
            "aws_subnet.private-subnet-1",
            "aws_subnet.private-subnet-2",
            "aws_vpc.production-vpc"
          ]
        }
      ]
    },
    {
      "mode": "managed",
      "type": "aws_ecs_cluster",
      "name": "production",
      "provider": "provider[\"registry.terraform.io/hashicorp/aws\"]",
      "instances": [
        {
          "schema_version": 0,
          "attributes": {
            "arn": "arn:aws:ecs:us-west-2:744313738431:cluster/production-cluster",
            "capacity_providers": [],
            "configuration": [],
            "default_capacity_provider_strategy": [],
            "id": "arn:aws:ecs:us-west-2:744313738431:cluster/production-cluster",
            "name": "production-cluster",
            "setting": [],
            "tags": {},
            "tags_all": {}
          },
          "sensitive_attributes": [],
          "private": "bnVsbA=="
        }
      ]
    },
    {
      "mode": "managed",
      "type": "aws_ecs_service",
      "name": "production",
      "provider": "provider[\"registry.terraform.io/hashicorp/aws\"]",
      "instances": [
        {
          "schema_version": 0,
          "attributes": {
            "capacity_provider_strategy": [],
            "cluster": "arn:aws:ecs:us-west-2:744313738431:cluster/production-cluster",
            "deployment_circuit_breaker": [
              {
                "enable": false,
                "rollback": false
              }
            ],
            "deployment_controller": [
              {
                "type": "ECS"
              }
            ],
            "deployment_maximum_percent": 200,
            "deployment_minimum_healthy_percent": 100,
            "desired_count": 1,
            "enable_ecs_managed_tags": false,
            "enable_execute_command": false,
            "force_new_deployment": null,
            "health_check_grace_period_seconds": 0,
            "iam_role": "arn:aws:iam::744313738431:role/ecs_service_role_prod",
            "id": "arn:aws:ecs:us-west-2:744313738431:service/production-cluster/production-service",
            "launch_type": "EC2",
            "load_balancer": [
              {
                "container_name": "nginx",
                "container_port": 80,
                "elb_name": "",
                "target_group_arn": "arn:aws:elasticloadbalancing:us-west-2:744313738431:targetgroup/production-client-tg/86423f5e3b92cfa7"
              }
            ],
            "name": "production-service",
            "network_configuration": [],
            "ordered_placement_strategy": [
              {
                "field": "memory",
                "type": "binpack"
              }
            ],
            "placement_constraints": [],
            "platform_version": "",
            "propagate_tags": "NONE",
            "scheduling_strategy": "REPLICA",
            "service_registries": [],
            "tags": {},
            "tags_all": {},
            "task_definition": "arn:aws:ecs:us-west-2:744313738431:task-definition/django-app:22",
            "timeouts": null,
            "wait_for_steady_state": false
          },
          "sensitive_attributes": [],
          "private": "eyJlMmJmYjczMC1lY2FhLTExZTYtOGY4OC0zNDM2M2JjN2M0YzAiOnsiZGVsZXRlIjoxMjAwMDAwMDAwMDAwfX0=",
          "dependencies": [
            "aws_alb_listener.ecs-alb-http-listener",
            "aws_alb_target_group.default-target-group",
            "aws_db_instance.production",
            "aws_ecs_cluster.production",
            "aws_ecs_task_definition.app",
            "aws_iam_role.ecs-service-role",
            "aws_iam_role_policy.ecs-service-role-policy",
            "data.template_file.app"
          ]
        }
      ]
    },
    {
      "mode": "managed",
      "type": "aws_ecs_task_definition",
      "name": "app",
      "provider": "provider[\"registry.terraform.io/hashicorp/aws\"]",
      "instances": [
        {
          "schema_version": 1,
          "attributes": {
            "arn": "arn:aws:ecs:us-west-2:744313738431:task-definition/django-app:22",
            "container_definitions": "[{\"command\":[\"gunicorn\",\"-w\",\"3\",\"-b\",\":8000\",\"licitamex.wsgi:application\"],\"cpu\":10,\"environment\":[{\"name\":\"RDS_DB_NAME\",\"value\":\"mydb\"},{\"name\":\"RDS_HOSTNAME\",\"value\":\"production.csjzmk1ayq4u.us-west-2.rds.amazonaws.com\"},{\"name\":\"RDS_PASSWORD\",\"value\":\"kB!WuXFkvwaWJ2t3\"},{\"name\":\"RDS_PORT\",\"value\":\"5432\"},{\"name\":\"RDS_USERNAME\",\"value\":\"principal\"}],\"essential\":true,\"image\":\"744313738431.dkr.ecr.us-west-2.amazonaws.com/djangoapp:0923\",\"links\":[],\"logConfiguration\":{\"logDriver\":\"awslogs\",\"options\":{\"awslogs-group\":\"/ecs/django-app\",\"awslogs-region\":\"us-west-2\",\"awslogs-stream-prefix\":\"django-app-log-stream\"}},\"memory\":256,\"mountPoints\":[],\"name\":\"django-app\",\"portMappings\":[{\"containerPort\":8000,\"hostPort\":0,\"protocol\":\"tcp\"}],\"volumesFrom\":[]},{\"cpu\":10,\"environment\":[],\"essential\":true,\"image\":\"744313738431.dkr.ecr.us-west-2.amazonaws.com/nginx:0923\",\"links\":[\"django-app\"],\"logConfiguration\":{\"logDriver\":\"awslogs\",\"options\":{\"awslogs-group\":\"/ecs/nginx\",\"awslogs-region\":\"us-west-2\",\"awslogs-stream-prefix\":\"nginx-log-stream\"}},\"memory\":128,\"mountPoints\":[],\"name\":\"nginx\",\"portMappings\":[{\"containerPort\":80,\"hostPort\":0,\"protocol\":\"tcp\"}],\"volumesFrom\":[]}]",
            "cpu": "",
            "ephemeral_storage": [],
            "execution_role_arn": "",
            "family": "django-app",
            "id": "django-app",
            "inference_accelerator": [],
            "ipc_mode": "",
            "memory": "",
            "network_mode": "",
            "pid_mode": "",
            "placement_constraints": [],
            "proxy_configuration": [],
            "requires_compatibilities": null,
            "revision": 22,
            "tags": null,
            "tags_all": {},
            "task_role_arn": "",
            "volume": []
          },
          "sensitive_attributes": [],
          "private": "eyJzY2hlbWFfdmVyc2lvbiI6IjEifQ==",
          "dependencies": [
            "aws_db_instance.production",
            "data.template_file.app"
          ]
        }
      ]
    },
    {
      "mode": "managed",
      "type": "aws_iam_instance_profile",
      "name": "ecs",
      "provider": "provider[\"registry.terraform.io/hashicorp/aws\"]",
      "instances": [
        {
          "schema_version": 0,
          "attributes": {
            "arn": "arn:aws:iam::744313738431:instance-profile/ecs_instance_profile_prod",
            "create_date": "2021-08-26T19:58:27Z",
            "id": "ecs_instance_profile_prod",
            "name": "ecs_instance_profile_prod",
            "name_prefix": null,
            "path": "/",
            "role": "ecs_host_role_prod",
            "tags": {},
            "tags_all": {},
            "unique_id": "AIPA22TEOKS7TJC7BKUZJ"
          },
          "sensitive_attributes": [],
          "private": "bnVsbA==",
          "dependencies": [
            "aws_iam_role.ecs-host-role"
          ]
        }
      ]
    },
    {
      "mode": "managed",
      "type": "aws_iam_role",
      "name": "ecs-host-role",
      "provider": "provider[\"registry.terraform.io/hashicorp/aws\"]",
      "instances": [
        {
          "schema_version": 0,
          "attributes": {
            "arn": "arn:aws:iam::744313738431:role/ecs_host_role_prod",
            "assume_role_policy": "{\"Version\":\"2008-10-17\",\"Statement\":[{\"Effect\":\"Allow\",\"Principal\":{\"Service\":[\"ecs.amazonaws.com\",\"ec2.amazonaws.com\"]},\"Action\":\"sts:AssumeRole\"}]}",
            "create_date": "2021-08-26T19:58:05Z",
            "description": "",
            "force_detach_policies": false,
            "id": "ecs_host_role_prod",
            "inline_policy": [
              {
                "name": "ecs_instance_role_policy",
                "policy": "{\n  \"Version\": \"2012-10-17\",\n  \"Statement\": [\n    {\n      \"Effect\": \"Allow\",\n      \"Action\": [\n        \"ecs:*\",\n        \"ec2:*\",\n        \"elasticloadbalancing:*\",\n        \"ecr:*\",\n        \"cloudwatch:*\",\n        \"s3:*\",\n        \"rds:*\",\n        \"ses:*\",\n        \"logs:*\",\n        \"dynamodb:*\"\n      ],\n      \"Resource\": \"*\"\n    }\n  ]\n}"
              }
            ],
            "managed_policy_arns": [],
            "max_session_duration": 3600,
            "name": "ecs_host_role_prod",
            "name_prefix": null,
            "path": "/",
            "permissions_boundary": null,
            "tags": {},
            "tags_all": {},
            "unique_id": "AROA22TEOKS7WLFIHRKBE"
          },
          "sensitive_attributes": [],
          "private": "bnVsbA=="
        }
      ]
    },
    {
      "mode": "managed",
      "type": "aws_iam_role",
      "name": "ecs-service-role",
      "provider": "provider[\"registry.terraform.io/hashicorp/aws\"]",
      "instances": [
        {
          "schema_version": 0,
          "attributes": {
            "arn": "arn:aws:iam::744313738431:role/ecs_service_role_prod",
            "assume_role_policy": "{\"Version\":\"2008-10-17\",\"Statement\":[{\"Effect\":\"Allow\",\"Principal\":{\"Service\":[\"ec2.amazonaws.com\",\"ecs.amazonaws.com\"]},\"Action\":\"sts:AssumeRole\"}]}",
            "create_date": "2021-08-26T19:58:05Z",
            "description": "",
            "force_detach_policies": false,
            "id": "ecs_service_role_prod",
            "inline_policy": [
              {
                "name": "ecs_service_role_policy",
                "policy": "{\n  \"Version\": \"2012-10-17\",\n  \"Statement\": [\n    {\n      \"Effect\": \"Allow\",\n      \"Action\": [\n        \"elasticloadbalancing:Describe*\",\n        \"elasticloadbalancing:DeregisterInstancesFromLoadBalancer\",\n        \"elasticloadbalancing:RegisterInstancesWithLoadBalancer\",\n        \"ec2:Describe*\",\n        \"ec2:AuthorizeSecurityGroupIngress\",\n        \"elasticloadbalancing:RegisterTargets\",\n        \"elasticloadbalancing:DeregisterTargets\"\n      ],\n      \"Resource\": [\n        \"*\"\n      ]\n    }\n  ]\n}"
              }
            ],
            "managed_policy_arns": [],
            "max_session_duration": 3600,
            "name": "ecs_service_role_prod",
            "name_prefix": null,
            "path": "/",
            "permissions_boundary": null,
            "tags": {},
            "tags_all": {},
            "unique_id": "AROA22TEOKS7X2XM4FR44"
          },
          "sensitive_attributes": [],
          "private": "bnVsbA=="
        }
      ]
    },
    {
      "mode": "managed",
      "type": "aws_iam_role_policy",
      "name": "ecs-instance-role-policy",
      "provider": "provider[\"registry.terraform.io/hashicorp/aws\"]",
      "instances": [
        {
          "schema_version": 0,
          "attributes": {
            "id": "ecs_host_role_prod:ecs_instance_role_policy",
            "name": "ecs_instance_role_policy",
            "name_prefix": null,
            "policy": "{\n  \"Version\": \"2012-10-17\",\n  \"Statement\": [\n    {\n      \"Effect\": \"Allow\",\n      \"Action\": [\n        \"ecs:*\",\n        \"ec2:*\",\n        \"elasticloadbalancing:*\",\n        \"ecr:*\",\n        \"cloudwatch:*\",\n        \"s3:*\",\n        \"rds:*\",\n        \"ses:*\",\n        \"logs:*\",\n        \"dynamodb:*\"\n      ],\n      \"Resource\": \"*\"\n    }\n  ]\n}",
            "role": "ecs_host_role_prod"
          },
          "sensitive_attributes": [],
          "private": "bnVsbA==",
          "dependencies": [
            "aws_iam_role.ecs-host-role"
          ]
        }
      ]
    },
    {
      "mode": "managed",
      "type": "aws_iam_role_policy",
      "name": "ecs-service-role-policy",
      "provider": "provider[\"registry.terraform.io/hashicorp/aws\"]",
      "instances": [
        {
          "schema_version": 0,
          "attributes": {
            "id": "ecs_service_role_prod:ecs_service_role_policy",
            "name": "ecs_service_role_policy",
            "name_prefix": null,
            "policy": "{\n  \"Version\": \"2012-10-17\",\n  \"Statement\": [\n    {\n      \"Effect\": \"Allow\",\n      \"Action\": [\n        \"elasticloadbalancing:Describe*\",\n        \"elasticloadbalancing:DeregisterInstancesFromLoadBalancer\",\n        \"elasticloadbalancing:RegisterInstancesWithLoadBalancer\",\n        \"ec2:Describe*\",\n        \"ec2:AuthorizeSecurityGroupIngress\",\n        \"elasticloadbalancing:RegisterTargets\",\n        \"elasticloadbalancing:DeregisterTargets\"\n      ],\n      \"Resource\": [\n        \"*\"\n      ]\n    }\n  ]\n}",
            "role": "ecs_service_role_prod"
          },
          "sensitive_attributes": [],
          "private": "bnVsbA==",
          "dependencies": [
            "aws_iam_role.ecs-service-role"
          ]
        }
      ]
    },
    {
      "mode": "managed",
      "type": "aws_internet_gateway",
      "name": "production-igw",
      "provider": "provider[\"registry.terraform.io/hashicorp/aws\"]",
      "instances": [
        {
          "schema_version": 0,
          "attributes": {
            "arn": "arn:aws:ec2:us-west-2:744313738431:internet-gateway/igw-0e962e7b58c4e858e",
            "id": "igw-0e962e7b58c4e858e",
            "owner_id": "744313738431",
            "tags": {},
            "tags_all": {},
            "vpc_id": "vpc-0395e091212200b18"
          },
          "sensitive_attributes": [],
          "private": "bnVsbA==",
          "dependencies": [
            "aws_vpc.production-vpc"
          ]
        }
      ]
    },
    {
      "mode": "managed",
      "type": "aws_key_pair",
      "name": "production",
      "provider": "provider[\"registry.terraform.io/hashicorp/aws\"]",
      "instances": [
        {
          "schema_version": 1,
          "attributes": {
            "arn": "arn:aws:ec2:us-west-2:744313738431:key-pair/production_key_pair",
            "fingerprint": "f1:f1:91:a8:d6:25:06:54:14:e4:19:0a:ca:d1:86:68",
            "id": "production_key_pair",
            "key_name": "production_key_pair",
            "key_name_prefix": null,
            "key_pair_id": "key-081fec917a82b57b7",
            "public_key": "ssh-rsa AAAAB3NzaC1yc2EAAAADAQABAAABgQDZKI7Y9utxdv3BgTlL/ikDP8eYsfdEkmRvwAv2g3uy2ZAj5iGHQjNjAXMRXQrG8bon3BjZCezttpBiuBwCDRnVmtu4RbE7YYHlg7aaET7/cFe7+r9GHPjRpXq/bewEUXddJbkZ3wuoLgLP8rtFimufLPvpTNKa5yw8e0Bi68kCMR2Fkr6uzAT6LPuS07S1mMlF+RopXtVVMZFPQ7aDUF/F3b2rKEEjgKagVcnszXm46tUSbfNJqblX1WJgzIOQdoN5YO+/d1NKYVt/fBrVozkb8d7wAqbnYmNiYXiBur9YYlKCzFvnfTDkTd1X9WJ68XARah1k/JcYB+ct6nEvGwO01MCNEX3G1FIaf9n8AAGPLobQkXnVGZyUy5FSrTYlY4FvcSlXXbeiORuS0PABoqo3dV4DnH5+5rh9rdGhmPqm9C5V4c2xfatGob3BOj36YJ24aazwnwFm2J9PT1+26rP2vcp8GMkbpA4WfV8l6RQq9XjFshsm7Qrzb4NFR1EBvvM= jorge.rios@REM-MC-210813A.local",
            "tags": {},
            "tags_all": {}
          },
          "sensitive_attributes": [],
          "private": "eyJzY2hlbWFfdmVyc2lvbiI6IjEifQ=="
        }
      ]
    },
    {
      "mode": "managed",
      "type": "aws_launch_configuration",
      "name": "ecs",
      "provider": "provider[\"registry.terraform.io/hashicorp/aws\"]",
      "instances": [
        {
          "schema_version": 0,
          "attributes": {
            "arn": "arn:aws:autoscaling:us-west-2:744313738431:launchConfiguration:37ff1f93-585e-4fbf-a373-843d635cedf6:launchConfigurationName/production-cluster",
            "associate_public_ip_address": true,
            "ebs_block_device": [],
            "ebs_optimized": false,
            "enable_monitoring": true,
            "ephemeral_block_device": [],
            "iam_instance_profile": "ecs_instance_profile_prod",
            "id": "production-cluster",
            "image_id": "ami-06cb61a83c506fe88",
            "instance_type": "t2.micro",
            "key_name": "production_key_pair",
            "metadata_options": [],
            "name": "production-cluster",
            "name_prefix": "",
            "placement_tenancy": null,
            "root_block_device": [],
            "security_groups": [
              "sg-04c828f4437761d1e"
            ],
            "spot_price": "",
            "user_data": "52441bc47d0bd2e9a2a368429f6569c04828e443",
            "user_data_base64": null,
            "vpc_classic_link_id": "",
            "vpc_classic_link_security_groups": []
          },
          "sensitive_attributes": [],
          "private": "bnVsbA==",
          "dependencies": [
            "aws_vpc.production-vpc",
            "aws_iam_instance_profile.ecs",
            "aws_iam_role.ecs-host-role",
            "aws_key_pair.production",
            "aws_security_group.ecs",
            "aws_security_group.load-balancer"
          ]
        }
      ]
    },
    {
      "mode": "managed",
      "type": "aws_lb",
      "name": "production",
      "provider": "provider[\"registry.terraform.io/hashicorp/aws\"]",
      "instances": [
        {
          "schema_version": 0,
          "attributes": {
            "access_logs": [
              {
                "bucket": "",
                "enabled": false,
                "prefix": ""
              }
            ],
            "arn": "arn:aws:elasticloadbalancing:us-west-2:744313738431:loadbalancer/app/production-alb/2a1a6da2d378ec1e",
            "arn_suffix": "app/production-alb/2a1a6da2d378ec1e",
            "customer_owned_ipv4_pool": "",
            "dns_name": "production-alb-1414613360.us-west-2.elb.amazonaws.com",
            "drop_invalid_header_fields": false,
            "enable_cross_zone_load_balancing": null,
            "enable_deletion_protection": false,
            "enable_http2": true,
            "id": "arn:aws:elasticloadbalancing:us-west-2:744313738431:loadbalancer/app/production-alb/2a1a6da2d378ec1e",
            "idle_timeout": 60,
            "internal": false,
            "ip_address_type": "ipv4",
            "load_balancer_type": "application",
            "name": "production-alb",
            "name_prefix": null,
            "security_groups": [
              "sg-0587a50fc6acca9c8"
            ],
            "subnet_mapping": [
              {
                "allocation_id": "",
                "ipv6_address": "",
                "outpost_id": "",
                "private_ipv4_address": "",
                "subnet_id": "subnet-0cd8358c48caa7bcc"
              },
              {
                "allocation_id": "",
                "ipv6_address": "",
                "outpost_id": "",
                "private_ipv4_address": "",
                "subnet_id": "subnet-0d61ab36ce6f90640"
              }
            ],
            "subnets": [
              "subnet-0cd8358c48caa7bcc",
              "subnet-0d61ab36ce6f90640"
            ],
            "tags": {},
            "tags_all": {},
            "timeouts": null,
            "vpc_id": "vpc-0395e091212200b18",
            "zone_id": "Z1H1FL5HABSF5"
          },
          "sensitive_attributes": [],
          "private": "eyJlMmJmYjczMC1lY2FhLTExZTYtOGY4OC0zNDM2M2JjN2M0YzAiOnsiY3JlYXRlIjo2MDAwMDAwMDAwMDAsImRlbGV0ZSI6NjAwMDAwMDAwMDAwLCJ1cGRhdGUiOjYwMDAwMDAwMDAwMH19",
          "dependencies": [
            "aws_security_group.load-balancer",
            "aws_subnet.public-subnet-1",
            "aws_subnet.public-subnet-2",
            "aws_vpc.production-vpc"
          ]
        }
      ]
    },
    {
      "mode": "managed",
      "type": "aws_route",
      "name": "public-internet-igw-route",
      "provider": "provider[\"registry.terraform.io/hashicorp/aws\"]",
      "instances": [
        {
          "schema_version": 0,
          "attributes": {
            "carrier_gateway_id": "",
            "destination_cidr_block": "0.0.0.0/0",
            "destination_ipv6_cidr_block": "",
            "destination_prefix_list_id": "",
            "egress_only_gateway_id": "",
            "gateway_id": "igw-0e962e7b58c4e858e",
            "id": "r-rtb-0062e1e292fee9f641080289494",
            "instance_id": "",
            "instance_owner_id": "",
            "local_gateway_id": "",
            "nat_gateway_id": "",
            "network_interface_id": "",
            "origin": "CreateRoute",
            "route_table_id": "rtb-0062e1e292fee9f64",
            "state": "active",
            "timeouts": null,
            "transit_gateway_id": "",
            "vpc_endpoint_id": "",
            "vpc_peering_connection_id": ""
          },
          "sensitive_attributes": [],
          "private": "eyJlMmJmYjczMC1lY2FhLTExZTYtOGY4OC0zNDM2M2JjN2M0YzAiOnsiY3JlYXRlIjoxMjAwMDAwMDAwMDAsImRlbGV0ZSI6MzAwMDAwMDAwMDAwfX0=",
          "dependencies": [
            "aws_internet_gateway.production-igw",
            "aws_route_table.public-route-table",
            "aws_vpc.production-vpc"
          ]
        }
      ]
    },
    {
      "mode": "managed",
      "type": "aws_route_table",
      "name": "private-route-table",
      "provider": "provider[\"registry.terraform.io/hashicorp/aws\"]",
      "instances": [
        {
          "schema_version": 0,
          "attributes": {
            "arn": "arn:aws:ec2:us-west-2:744313738431:route-table/rtb-0c734960e370d6b97",
            "id": "rtb-0c734960e370d6b97",
            "owner_id": "744313738431",
            "propagating_vgws": [],
            "route": [],
            "tags": {},
            "tags_all": {},
            "vpc_id": "vpc-0395e091212200b18"
          },
          "sensitive_attributes": [],
          "private": "bnVsbA==",
          "dependencies": [
            "aws_vpc.production-vpc"
          ]
        }
      ]
    },
    {
      "mode": "managed",
      "type": "aws_route_table",
      "name": "public-route-table",
      "provider": "provider[\"registry.terraform.io/hashicorp/aws\"]",
      "instances": [
        {
          "schema_version": 0,
          "attributes": {
            "arn": "arn:aws:ec2:us-west-2:744313738431:route-table/rtb-0062e1e292fee9f64",
            "id": "rtb-0062e1e292fee9f64",
            "owner_id": "744313738431",
            "propagating_vgws": [],
            "route": [
              {
                "carrier_gateway_id": "",
                "cidr_block": "0.0.0.0/0",
                "destination_prefix_list_id": "",
                "egress_only_gateway_id": "",
                "gateway_id": "igw-0e962e7b58c4e858e",
                "instance_id": "",
                "ipv6_cidr_block": "",
                "local_gateway_id": "",
                "nat_gateway_id": "",
                "network_interface_id": "",
                "transit_gateway_id": "",
                "vpc_endpoint_id": "",
                "vpc_peering_connection_id": ""
              }
            ],
            "tags": {},
            "tags_all": {},
            "vpc_id": "vpc-0395e091212200b18"
          },
          "sensitive_attributes": [],
          "private": "bnVsbA==",
          "dependencies": [
            "aws_vpc.production-vpc"
          ]
        }
      ]
    },
    {
      "mode": "managed",
      "type": "aws_route_table_association",
      "name": "private-route-1-association",
      "provider": "provider[\"registry.terraform.io/hashicorp/aws\"]",
      "instances": [
        {
          "schema_version": 0,
          "attributes": {
            "gateway_id": "",
            "id": "rtbassoc-0970e820f3c1372f8",
            "route_table_id": "rtb-0c734960e370d6b97",
            "subnet_id": "subnet-0006a1f5e949b842f"
          },
          "sensitive_attributes": [],
          "private": "bnVsbA==",
          "dependencies": [
            "aws_vpc.production-vpc",
            "aws_route_table.private-route-table",
            "aws_subnet.private-subnet-1"
          ]
        }
      ]
    },
    {
      "mode": "managed",
      "type": "aws_route_table_association",
      "name": "private-route-2-association",
      "provider": "provider[\"registry.terraform.io/hashicorp/aws\"]",
      "instances": [
        {
          "schema_version": 0,
          "attributes": {
            "gateway_id": "",
            "id": "rtbassoc-00b203a1283c10357",
            "route_table_id": "rtb-0c734960e370d6b97",
            "subnet_id": "subnet-0911eb01952d97075"
          },
          "sensitive_attributes": [],
          "private": "bnVsbA==",
          "dependencies": [
            "aws_route_table.private-route-table",
            "aws_subnet.private-subnet-2",
            "aws_vpc.production-vpc"
          ]
        }
      ]
    },
    {
      "mode": "managed",
      "type": "aws_route_table_association",
      "name": "public-route-1-association",
      "provider": "provider[\"registry.terraform.io/hashicorp/aws\"]",
      "instances": [
        {
          "schema_version": 0,
          "attributes": {
            "gateway_id": "",
            "id": "rtbassoc-0d03154179baba426",
            "route_table_id": "rtb-0062e1e292fee9f64",
            "subnet_id": "subnet-0cd8358c48caa7bcc"
          },
          "sensitive_attributes": [],
          "private": "bnVsbA==",
          "dependencies": [
            "aws_route_table.public-route-table",
            "aws_subnet.public-subnet-1",
            "aws_vpc.production-vpc"
          ]
        }
      ]
    },
    {
      "mode": "managed",
      "type": "aws_route_table_association",
      "name": "public-route-2-association",
      "provider": "provider[\"registry.terraform.io/hashicorp/aws\"]",
      "instances": [
        {
          "schema_version": 0,
          "attributes": {
            "gateway_id": "",
            "id": "rtbassoc-00aacf731a6720e60",
            "route_table_id": "rtb-0062e1e292fee9f64",
            "subnet_id": "subnet-0d61ab36ce6f90640"
          },
          "sensitive_attributes": [],
          "private": "bnVsbA==",
          "dependencies": [
            "aws_route_table.public-route-table",
            "aws_subnet.public-subnet-2",
            "aws_vpc.production-vpc"
          ]
        }
      ]
    },
    {
      "mode": "managed",
      "type": "aws_security_group",
      "name": "ecs",
      "provider": "provider[\"registry.terraform.io/hashicorp/aws\"]",
      "instances": [
        {
          "schema_version": 1,
          "attributes": {
            "arn": "arn:aws:ec2:us-west-2:744313738431:security-group/sg-04c828f4437761d1e",
            "description": "Allows inbound access from the ALB only",
            "egress": [
              {
                "cidr_blocks": [
                  "0.0.0.0/0"
                ],
                "description": "",
                "from_port": 0,
                "ipv6_cidr_blocks": [],
                "prefix_list_ids": [],
                "protocol": "-1",
                "security_groups": [],
                "self": false,
                "to_port": 0
              }
            ],
            "id": "sg-04c828f4437761d1e",
            "ingress": [
              {
                "cidr_blocks": [
                  "0.0.0.0/0"
                ],
                "description": "",
                "from_port": 22,
                "ipv6_cidr_blocks": [],
                "prefix_list_ids": [],
                "protocol": "tcp",
                "security_groups": [],
                "self": false,
                "to_port": 22
              },
              {
                "cidr_blocks": [],
                "description": "",
                "from_port": 0,
                "ipv6_cidr_blocks": [],
                "prefix_list_ids": [],
                "protocol": "-1",
                "security_groups": [
                  "sg-0587a50fc6acca9c8"
                ],
                "self": false,
                "to_port": 0
              }
            ],
            "name": "ecs_security_group",
            "name_prefix": "",
            "owner_id": "744313738431",
            "revoke_rules_on_delete": false,
            "tags": {},
            "tags_all": {},
            "timeouts": null,
            "vpc_id": "vpc-0395e091212200b18"
          },
          "sensitive_attributes": [],
          "private": "eyJlMmJmYjczMC1lY2FhLTExZTYtOGY4OC0zNDM2M2JjN2M0YzAiOnsiY3JlYXRlIjo2MDAwMDAwMDAwMDAsImRlbGV0ZSI6OTAwMDAwMDAwMDAwfSwic2NoZW1hX3ZlcnNpb24iOiIxIn0=",
          "dependencies": [
            "aws_security_group.load-balancer",
            "aws_vpc.production-vpc"
          ]
        }
      ]
    },
    {
      "mode": "managed",
      "type": "aws_security_group",
      "name": "load-balancer",
      "provider": "provider[\"registry.terraform.io/hashicorp/aws\"]",
      "instances": [
        {
          "schema_version": 1,
          "attributes": {
            "arn": "arn:aws:ec2:us-west-2:744313738431:security-group/sg-0587a50fc6acca9c8",
            "description": "Controls access to the ALB",
            "egress": [
              {
                "cidr_blocks": [
                  "0.0.0.0/0"
                ],
                "description": "",
                "from_port": 0,
                "ipv6_cidr_blocks": [],
                "prefix_list_ids": [],
                "protocol": "-1",
                "security_groups": [],
                "self": false,
                "to_port": 0
              }
            ],
            "id": "sg-0587a50fc6acca9c8",
            "ingress": [
              {
                "cidr_blocks": [
                  "0.0.0.0/0"
                ],
                "description": "",
                "from_port": 443,
                "ipv6_cidr_blocks": [],
                "prefix_list_ids": [],
                "protocol": "tcp",
                "security_groups": [],
                "self": false,
                "to_port": 443
              },
              {
                "cidr_blocks": [
                  "0.0.0.0/0"
                ],
                "description": "",
                "from_port": 80,
                "ipv6_cidr_blocks": [],
                "prefix_list_ids": [],
                "protocol": "tcp",
                "security_groups": [],
                "self": false,
                "to_port": 80
              }
            ],
            "name": "load_balancer_security_group",
            "name_prefix": "",
            "owner_id": "744313738431",
            "revoke_rules_on_delete": false,
            "tags": {},
            "tags_all": {},
            "timeouts": null,
            "vpc_id": "vpc-0395e091212200b18"
          },
          "sensitive_attributes": [],
          "private": "eyJlMmJmYjczMC1lY2FhLTExZTYtOGY4OC0zNDM2M2JjN2M0YzAiOnsiY3JlYXRlIjo2MDAwMDAwMDAwMDAsImRlbGV0ZSI6OTAwMDAwMDAwMDAwfSwic2NoZW1hX3ZlcnNpb24iOiIxIn0=",
          "dependencies": [
            "aws_vpc.production-vpc"
          ]
        }
      ]
    },
    {
      "mode": "managed",
      "type": "aws_security_group",
      "name": "rds",
      "provider": "provider[\"registry.terraform.io/hashicorp/aws\"]",
      "instances": [
        {
          "schema_version": 1,
          "attributes": {
            "arn": "arn:aws:ec2:us-west-2:744313738431:security-group/sg-0c0a2747704fc9c80",
            "description": "Allows inbound access from ECS only",
            "egress": [
              {
                "cidr_blocks": [
                  "0.0.0.0/0"
                ],
                "description": "",
                "from_port": 0,
                "ipv6_cidr_blocks": [],
                "prefix_list_ids": [],
                "protocol": "-1",
                "security_groups": [],
                "self": false,
                "to_port": 0
              }
            ],
            "id": "sg-0c0a2747704fc9c80",
            "ingress": [
              {
                "cidr_blocks": [],
                "description": "",
                "from_port": 5432,
                "ipv6_cidr_blocks": [],
                "prefix_list_ids": [],
                "protocol": "tcp",
                "security_groups": [
                  "sg-04c828f4437761d1e"
                ],
                "self": false,
                "to_port": 5432
              }
            ],
            "name": "rds-security-group",
            "name_prefix": "",
            "owner_id": "744313738431",
            "revoke_rules_on_delete": false,
            "tags": {},
            "tags_all": {},
            "timeouts": null,
            "vpc_id": "vpc-0395e091212200b18"
          },
          "sensitive_attributes": [],
          "private": "eyJlMmJmYjczMC1lY2FhLTExZTYtOGY4OC0zNDM2M2JjN2M0YzAiOnsiY3JlYXRlIjo2MDAwMDAwMDAwMDAsImRlbGV0ZSI6OTAwMDAwMDAwMDAwfSwic2NoZW1hX3ZlcnNpb24iOiIxIn0=",
          "dependencies": [
            "aws_security_group.load-balancer",
            "aws_vpc.production-vpc",
            "aws_security_group.ecs"
          ]
        }
      ]
    },
    {
      "mode": "managed",
      "type": "aws_subnet",
      "name": "private-subnet-1",
      "provider": "provider[\"registry.terraform.io/hashicorp/aws\"]",
      "instances": [
        {
          "schema_version": 1,
          "attributes": {
            "arn": "arn:aws:ec2:us-west-2:744313738431:subnet/subnet-0006a1f5e949b842f",
            "assign_ipv6_address_on_creation": false,
            "availability_zone": "us-west-2a",
            "availability_zone_id": "usw2-az1",
            "cidr_block": "10.0.3.0/24",
            "customer_owned_ipv4_pool": "",
            "id": "subnet-0006a1f5e949b842f",
            "ipv6_cidr_block": "",
            "ipv6_cidr_block_association_id": "",
            "map_customer_owned_ip_on_launch": false,
            "map_public_ip_on_launch": false,
            "outpost_arn": "",
            "owner_id": "744313738431",
            "tags": {},
            "tags_all": {},
            "timeouts": null,
            "vpc_id": "vpc-0395e091212200b18"
          },
          "sensitive_attributes": [],
          "private": "eyJlMmJmYjczMC1lY2FhLTExZTYtOGY4OC0zNDM2M2JjN2M0YzAiOnsiY3JlYXRlIjo2MDAwMDAwMDAwMDAsImRlbGV0ZSI6MTIwMDAwMDAwMDAwMH0sInNjaGVtYV92ZXJzaW9uIjoiMSJ9",
          "dependencies": [
            "aws_vpc.production-vpc"
          ]
        }
      ]
    },
    {
      "mode": "managed",
      "type": "aws_subnet",
      "name": "private-subnet-2",
      "provider": "provider[\"registry.terraform.io/hashicorp/aws\"]",
      "instances": [
        {
          "schema_version": 1,
          "attributes": {
            "arn": "arn:aws:ec2:us-west-2:744313738431:subnet/subnet-0911eb01952d97075",
            "assign_ipv6_address_on_creation": false,
            "availability_zone": "us-west-2b",
            "availability_zone_id": "usw2-az2",
            "cidr_block": "10.0.4.0/24",
            "customer_owned_ipv4_pool": "",
            "id": "subnet-0911eb01952d97075",
            "ipv6_cidr_block": "",
            "ipv6_cidr_block_association_id": "",
            "map_customer_owned_ip_on_launch": false,
            "map_public_ip_on_launch": false,
            "outpost_arn": "",
            "owner_id": "744313738431",
            "tags": {},
            "tags_all": {},
            "timeouts": null,
            "vpc_id": "vpc-0395e091212200b18"
          },
          "sensitive_attributes": [],
          "private": "eyJlMmJmYjczMC1lY2FhLTExZTYtOGY4OC0zNDM2M2JjN2M0YzAiOnsiY3JlYXRlIjo2MDAwMDAwMDAwMDAsImRlbGV0ZSI6MTIwMDAwMDAwMDAwMH0sInNjaGVtYV92ZXJzaW9uIjoiMSJ9",
          "dependencies": [
            "aws_vpc.production-vpc"
          ]
        }
      ]
    },
    {
      "mode": "managed",
      "type": "aws_subnet",
      "name": "public-subnet-1",
      "provider": "provider[\"registry.terraform.io/hashicorp/aws\"]",
      "instances": [
        {
          "schema_version": 1,
          "attributes": {
            "arn": "arn:aws:ec2:us-west-2:744313738431:subnet/subnet-0cd8358c48caa7bcc",
            "assign_ipv6_address_on_creation": false,
            "availability_zone": "us-west-2a",
            "availability_zone_id": "usw2-az1",
            "cidr_block": "10.0.1.0/24",
            "customer_owned_ipv4_pool": "",
            "id": "subnet-0cd8358c48caa7bcc",
            "ipv6_cidr_block": "",
            "ipv6_cidr_block_association_id": "",
            "map_customer_owned_ip_on_launch": false,
            "map_public_ip_on_launch": false,
            "outpost_arn": "",
            "owner_id": "744313738431",
            "tags": {},
            "tags_all": {},
            "timeouts": null,
            "vpc_id": "vpc-0395e091212200b18"
          },
          "sensitive_attributes": [],
          "private": "eyJlMmJmYjczMC1lY2FhLTExZTYtOGY4OC0zNDM2M2JjN2M0YzAiOnsiY3JlYXRlIjo2MDAwMDAwMDAwMDAsImRlbGV0ZSI6MTIwMDAwMDAwMDAwMH0sInNjaGVtYV92ZXJzaW9uIjoiMSJ9",
          "dependencies": [
            "aws_vpc.production-vpc"
          ]
        }
      ]
    },
    {
      "mode": "managed",
      "type": "aws_subnet",
      "name": "public-subnet-2",
      "provider": "provider[\"registry.terraform.io/hashicorp/aws\"]",
      "instances": [
        {
          "schema_version": 1,
          "attributes": {
            "arn": "arn:aws:ec2:us-west-2:744313738431:subnet/subnet-0d61ab36ce6f90640",
            "assign_ipv6_address_on_creation": false,
            "availability_zone": "us-west-2b",
            "availability_zone_id": "usw2-az2",
            "cidr_block": "10.0.2.0/24",
            "customer_owned_ipv4_pool": "",
            "id": "subnet-0d61ab36ce6f90640",
            "ipv6_cidr_block": "",
            "ipv6_cidr_block_association_id": "",
            "map_customer_owned_ip_on_launch": false,
            "map_public_ip_on_launch": false,
            "outpost_arn": "",
            "owner_id": "744313738431",
            "tags": {},
            "tags_all": {},
            "timeouts": null,
            "vpc_id": "vpc-0395e091212200b18"
          },
          "sensitive_attributes": [],
          "private": "eyJlMmJmYjczMC1lY2FhLTExZTYtOGY4OC0zNDM2M2JjN2M0YzAiOnsiY3JlYXRlIjo2MDAwMDAwMDAwMDAsImRlbGV0ZSI6MTIwMDAwMDAwMDAwMH0sInNjaGVtYV92ZXJzaW9uIjoiMSJ9",
          "dependencies": [
            "aws_vpc.production-vpc"
          ]
        }
      ]
    },
    {
      "mode": "managed",
      "type": "aws_vpc",
      "name": "production-vpc",
      "provider": "provider[\"registry.terraform.io/hashicorp/aws\"]",
      "instances": [
        {
          "schema_version": 1,
          "attributes": {
            "arn": "arn:aws:ec2:us-west-2:744313738431:vpc/vpc-0395e091212200b18",
            "assign_generated_ipv6_cidr_block": false,
            "cidr_block": "10.0.0.0/16",
            "default_network_acl_id": "acl-08de6d495813c605d",
            "default_route_table_id": "rtb-0f807dd3d01868aba",
            "default_security_group_id": "sg-0b52add9ef9e6c1db",
            "dhcp_options_id": "dopt-7f0d3607",
            "enable_classiclink": false,
            "enable_classiclink_dns_support": false,
            "enable_dns_hostnames": true,
            "enable_dns_support": true,
            "id": "vpc-0395e091212200b18",
            "instance_tenancy": "default",
            "ipv6_association_id": "",
            "ipv6_cidr_block": "",
            "main_route_table_id": "rtb-0f807dd3d01868aba",
            "owner_id": "744313738431",
            "tags": {},
            "tags_all": {}
          },
          "sensitive_attributes": [],
          "private": "eyJzY2hlbWFfdmVyc2lvbiI6IjEifQ=="
        }
      ]
    }
  ]
}
